
Microsoft Visual Studio Solution File, Format Version 12.00
# Visual Studio Version 17
VisualStudioVersion = 17.14.36623.8 d17.14
MinimumVisualStudioVersion = 10.0.40219.1
Project("{FAE04EC0-301F-11D3-BF4B-00C04F79EFBC}") = "KanbanBoard", "KanbanBoard\KanbanBoard.csproj", "{89912E50-EDD2-4306-8383-27E7C3181CE4}"
EndProject
Global
	GlobalSection(SolutionConfigurationPlatforms) = preSolution
		Debug|Any CPU = Debug|Any CPU
		Release|Any CPU = Release|Any CPU
	EndGlobalSection
	GlobalSection(ProjectConfigurationPlatforms) = postSolution
		{89912E50-EDD2-4306-8383-27E7C3181CE4}.Debug|Any CPU.ActiveCfg = Debug|Any CPU
		{89912E50-EDD2-4306-8383-27E7C3181CE4}.Debug|Any CPU.Build.0 = Debug|Any CPU
		{89912E50-EDD2-4306-8383-27E7C3181CE4}.Release|Any CPU.ActiveCfg = Release|Any CPU
		{89912E50-EDD2-4306-8383-27E7C3181CE4}.Release|Any CPU.Build.0 = Release|Any CPU
	EndGlobalSection
	GlobalSection(SolutionProperties) = preSolution
		HideSolutionNode = FALSE
	EndGlobalSection
	GlobalSection(ExtensibilityGlobals) = postSolution
		SolutionGuid = {3D9B54B4-E924-4FC8-ADF7-95A30E76A40A}
	EndGlobalSection
EndGlobal
